
Microsoft Visual Studio Solution File, Format Version 12.00
# Visual Studio Version 17
VisualStudioVersion = 17.7.34202.233
MinimumVisualStudioVersion = 10.0.40219.1
Project("{FAE04EC0-301F-11D3-BF4B-00C04F79EFBC}") = "registro", "registro\registro.csproj", "{751D9677-106B-49CD-B116-7CC7881817C8}"
EndProject
Global
	GlobalSection(SolutionConfigurationPlatforms) = preSolution
		Debug|Any CPU = Debug|Any CPU
		Release|Any CPU = Release|Any CPU
	EndGlobalSection
	GlobalSection(ProjectConfigurationPlatforms) = postSolution
		{751D9677-106B-49CD-B116-7CC7881817C8}.Debug|Any CPU.ActiveCfg = Debug|Any CPU
		{751D9677-106B-49CD-B116-7CC7881817C8}.Debug|Any CPU.Build.0 = Debug|Any CPU
		{751D9677-106B-49CD-B116-7CC7881817C8}.Release|Any CPU.ActiveCfg = Release|Any CPU
		{751D9677-106B-49CD-B116-7CC7881817C8}.Release|Any CPU.Build.0 = Release|Any CPU
	EndGlobalSection
	GlobalSection(SolutionProperties) = preSolution
		HideSolutionNode = FALSE
	EndGlobalSection
	GlobalSection(ExtensibilityGlobals) = postSolution
		SolutionGuid = {39AF29D4-9D75-4FEA-9FF9-58D13E4C7307}
	EndGlobalSection
EndGlobal
